
Microsoft Visual Studio Solution File, Format Version 12.00
# Visual Studio 2015
Project("{FAE04EC0-301F-11D3-BF4B-00C04F79EFBC}") = "OurGame.CSharp", "OurGame.CSharp.csproj", "{4B0ACD29-F47B-9DD1-5653-0E774A9A0CFD}"
EndProject
Project("{FAE04EC0-301F-11D3-BF4B-00C04F79EFBC}") = "OurGame.CSharp.Editor", "OurGame.CSharp.Editor.csproj", "{528658BC-C397-6C17-D3E4-0A292A1AFBC5}"
EndProject
Project("{12D61524-B88C-6B21-F62B-A7967531A6E6}") = "OurGame", "Assembly-CSharp-Editor.csproj", "{6198B92E-9322-F948-1A2D-AF7F9B05526C}"
EndProject
Global
	GlobalSection(SolutionConfigurationPlatforms) = preSolution
		Debug|Any CPU = Debug|Any CPU
		Release|Any CPU = Release|Any CPU
	EndGlobalSection
	GlobalSection(ProjectConfigurationPlatforms) = postSolution
<<<<<<< HEAD
		{4B0ACD29-F47B-9DD1-5653-0E774A9A0CFD}.Debug|Any CPU.ActiveCfg = Debug|Any CPU
		{4B0ACD29-F47B-9DD1-5653-0E774A9A0CFD}.Debug|Any CPU.Build.0 = Debug|Any CPU
		{4B0ACD29-F47B-9DD1-5653-0E774A9A0CFD}.Release|Any CPU.ActiveCfg = Release|Any CPU
		{4B0ACD29-F47B-9DD1-5653-0E774A9A0CFD}.Release|Any CPU.Build.0 = Release|Any CPU
		{528658BC-C397-6C17-D3E4-0A292A1AFBC5}.Debug|Any CPU.ActiveCfg = Debug|Any CPU
		{528658BC-C397-6C17-D3E4-0A292A1AFBC5}.Debug|Any CPU.Build.0 = Debug|Any CPU
		{528658BC-C397-6C17-D3E4-0A292A1AFBC5}.Release|Any CPU.ActiveCfg = Release|Any CPU
		{528658BC-C397-6C17-D3E4-0A292A1AFBC5}.Release|Any CPU.Build.0 = Release|Any CPU
=======
		{E89C0128-77FD-B15E-D383-935E4BDF7B9A}.Debug|Any CPU.ActiveCfg = Debug|Any CPU
		{E89C0128-77FD-B15E-D383-935E4BDF7B9A}.Debug|Any CPU.Build.0 = Debug|Any CPU
		{E89C0128-77FD-B15E-D383-935E4BDF7B9A}.Release|Any CPU.ActiveCfg = Release|Any CPU
		{E89C0128-77FD-B15E-D383-935E4BDF7B9A}.Release|Any CPU.Build.0 = Release|Any CPU
		{6198B92E-9322-F948-1A2D-AF7F9B05526C}.Debug|Any CPU.ActiveCfg = Debug|Any CPU
		{6198B92E-9322-F948-1A2D-AF7F9B05526C}.Debug|Any CPU.Build.0 = Debug|Any CPU
		{6198B92E-9322-F948-1A2D-AF7F9B05526C}.Release|Any CPU.ActiveCfg = Release|Any CPU
		{6198B92E-9322-F948-1A2D-AF7F9B05526C}.Release|Any CPU.Build.0 = Release|Any CPU
>>>>>>> remotes/origin/zgw
	EndGlobalSection
	GlobalSection(SolutionProperties) = preSolution
		HideSolutionNode = FALSE
	EndGlobalSection
EndGlobal
